
Microsoft Visual Studio Solution File, Format Version 12.00
# Visual Studio Version 17
VisualStudioVersion = 17.0.32014.148
MinimumVisualStudioVersion = 10.0.40219.1
Project("{FAE04EC0-301F-11D3-BF4B-00C04F79EFBC}") = "xadrez-console", "xadrez-console\xadrez-console.csproj", "{D927EECA-40A0-4D51-837E-9C0711263161}"
EndProject
Global
	GlobalSection(SolutionConfigurationPlatforms) = preSolution
		Debug|Any CPU = Debug|Any CPU
		Release|Any CPU = Release|Any CPU
	EndGlobalSection
	GlobalSection(ProjectConfigurationPlatforms) = postSolution
		{D927EECA-40A0-4D51-837E-9C0711263161}.Debug|Any CPU.ActiveCfg = Debug|Any CPU
		{D927EECA-40A0-4D51-837E-9C0711263161}.Debug|Any CPU.Build.0 = Debug|Any CPU
		{D927EECA-40A0-4D51-837E-9C0711263161}.Release|Any CPU.ActiveCfg = Release|Any CPU
		{D927EECA-40A0-4D51-837E-9C0711263161}.Release|Any CPU.Build.0 = Release|Any CPU
	EndGlobalSection
	GlobalSection(SolutionProperties) = preSolution
		HideSolutionNode = FALSE
	EndGlobalSection
	GlobalSection(ExtensibilityGlobals) = postSolution
		SolutionGuid = {FBB47AFF-E578-4FFD-BE64-BBCA6A368BC9}
	EndGlobalSection
EndGlobal
